
Microsoft Visual Studio Solution File, Format Version 12.00
# Visual Studio Version 17
VisualStudioVersion = 17.0.31903.59
MinimumVisualStudioVersion = 10.0.40219.1
Project("{2150E333-8FDC-42A3-9474-1A3956D46DE8}") = "src", "src", "{827E0CD3-B72D-47B6-A68D-7590B98EB39B}"
EndProject
Project("{2150E333-8FDC-42A3-9474-1A3956D46DE8}") = "Api", "Api", "{81034408-37C8-1011-444E-4C15C2FADA8E}"
EndProject
Project("{FAE04EC0-301F-11D3-BF4B-00C04F79EFBC}") = "Hllch.Api", "src\Api\Hllch.Api.csproj", "{E7A0CBCD-DA7C-4FDA-875D-C3B482E8F214}"
EndProject
Project("{2150E333-8FDC-42A3-9474-1A3956D46DE8}") = "Core", "Core", "{8D626EA8-CB54-BC41-363A-217881BEBA6E}"
EndProject
Project("{FAE04EC0-301F-11D3-BF4B-00C04F79EFBC}") = "Hllch.Core", "src\Core\Hllch.Core.csproj", "{9A7FEC29-A17A-479D-B7CD-C51AE1765871}"
EndProject
Project("{2150E333-8FDC-42A3-9474-1A3956D46DE8}") = "Infrastructure", "Infrastructure", "{9048EB7F-3875-A59E-E36B-5BD4C6F2A282}"
EndProject
Project("{FAE04EC0-301F-11D3-BF4B-00C04F79EFBC}") = "Hllch.Infrastructure", "src\Infrastructure\Hllch.Infrastructure.csproj", "{22BAE272-DC73-4090-B482-5A87E3CF19F3}"
EndProject
Project("{2150E333-8FDC-42A3-9474-1A3956D46DE8}") = "Web", "Web", "{03997797-E7F5-0643-168D-B8EA7178C2FE}"
EndProject
Project("{FAE04EC0-301F-11D3-BF4B-00C04F79EFBC}") = "Hllch.Web", "src\Web\Hllch.Web.csproj", "{0FCFE3C0-C9F8-4798-BAD1-627D5D6AC684}"
EndProject
Project("{2150E333-8FDC-42A3-9474-1A3956D46DE8}") = "tests", "tests", "{0AB3BF05-4346-4AA6-1389-037BE0695223}"
EndProject
Project("{2150E333-8FDC-42A3-9474-1A3956D46DE8}") = "UnitTests", "UnitTests", "{394A81D9-3C45-9818-BB26-23F2B85056FF}"
EndProject
Project("{FAE04EC0-301F-11D3-BF4B-00C04F79EFBC}") = "Hllch.UnitTests", "tests\UnitTests\Hllch.UnitTests.csproj", "{F33A16AB-C696-43D7-8DC1-08CD123C5249}"
EndProject
Project("{2150E333-8FDC-42A3-9474-1A3956D46DE8}") = "IntegrationTests", "IntegrationTests", "{30785934-E017-5D9F-2777-3D61460A5281}"
EndProject
Project("{FAE04EC0-301F-11D3-BF4B-00C04F79EFBC}") = "Hllch.IntegrationTests", "tests\IntegrationTests\Hllch.IntegrationTests.csproj", "{B1BA3A96-C1C5-45DB-82F8-BE7B9FC594F5}"
EndProject
Project("{2150E333-8FDC-42A3-9474-1A3956D46DE8}") = "E2ETests", "E2ETests", "{27CB0DCE-AADB-D461-6654-759F4807726D}"
EndProject
Project("{FAE04EC0-301F-11D3-BF4B-00C04F79EFBC}") = "Hllch.E2ETests", "tests\E2ETests\Hllch.E2ETests.csproj", "{9868F880-4266-4A7B-89B1-7FA71FAF0C15}"
EndProject
Global
	GlobalSection(SolutionConfigurationPlatforms) = preSolution
		Debug|Any CPU = Debug|Any CPU
		Debug|x64 = Debug|x64
		Debug|x86 = Debug|x86
		Release|Any CPU = Release|Any CPU
		Release|x64 = Release|x64
		Release|x86 = Release|x86
	EndGlobalSection
	GlobalSection(ProjectConfigurationPlatforms) = postSolution
		{E7A0CBCD-DA7C-4FDA-875D-C3B482E8F214}.Debug|Any CPU.ActiveCfg = Debug|Any CPU
		{E7A0CBCD-DA7C-4FDA-875D-C3B482E8F214}.Debug|Any CPU.Build.0 = Debug|Any CPU
		{E7A0CBCD-DA7C-4FDA-875D-C3B482E8F214}.Debug|x64.ActiveCfg = Debug|Any CPU
		{E7A0CBCD-DA7C-4FDA-875D-C3B482E8F214}.Debug|x64.Build.0 = Debug|Any CPU
		{E7A0CBCD-DA7C-4FDA-875D-C3B482E8F214}.Debug|x86.ActiveCfg = Debug|Any CPU
		{E7A0CBCD-DA7C-4FDA-875D-C3B482E8F214}.Debug|x86.Build.0 = Debug|Any CPU
		{E7A0CBCD-DA7C-4FDA-875D-C3B482E8F214}.Release|Any CPU.ActiveCfg = Release|Any CPU
		{E7A0CBCD-DA7C-4FDA-875D-C3B482E8F214}.Release|Any CPU.Build.0 = Release|Any CPU
		{E7A0CBCD-DA7C-4FDA-875D-C3B482E8F214}.Release|x64.ActiveCfg = Release|Any CPU
		{E7A0CBCD-DA7C-4FDA-875D-C3B482E8F214}.Release|x64.Build.0 = Release|Any CPU
		{E7A0CBCD-DA7C-4FDA-875D-C3B482E8F214}.Release|x86.ActiveCfg = Release|Any CPU
		{E7A0CBCD-DA7C-4FDA-875D-C3B482E8F214}.Release|x86.Build.0 = Release|Any CPU
		{9A7FEC29-A17A-479D-B7CD-C51AE1765871}.Debug|Any CPU.ActiveCfg = Debug|Any CPU
		{9A7FEC29-A17A-479D-B7CD-C51AE1765871}.Debug|Any CPU.Build.0 = Debug|Any CPU
		{9A7FEC29-A17A-479D-B7CD-C51AE1765871}.Debug|x64.ActiveCfg = Debug|Any CPU
		{9A7FEC29-A17A-479D-B7CD-C51AE1765871}.Debug|x64.Build.0 = Debug|Any CPU
		{9A7FEC29-A17A-479D-B7CD-C51AE1765871}.Debug|x86.ActiveCfg = Debug|Any CPU
		{9A7FEC29-A17A-479D-B7CD-C51AE1765871}.Debug|x86.Build.0 = Debug|Any CPU
		{9A7FEC29-A17A-479D-B7CD-C51AE1765871}.Release|Any CPU.ActiveCfg = Release|Any CPU
		{9A7FEC29-A17A-479D-B7CD-C51AE1765871}.Release|Any CPU.Build.0 = Release|Any CPU
		{9A7FEC29-A17A-479D-B7CD-C51AE1765871}.Release|x64.ActiveCfg = Release|Any CPU
		{9A7FEC29-A17A-479D-B7CD-C51AE1765871}.Release|x64.Build.0 = Release|Any CPU
		{9A7FEC29-A17A-479D-B7CD-C51AE1765871}.Release|x86.ActiveCfg = Release|Any CPU
		{9A7FEC29-A17A-479D-B7CD-C51AE1765871}.Release|x86.Build.0 = Release|Any CPU
		{22BAE272-DC73-4090-B482-5A87E3CF19F3}.Debug|Any CPU.ActiveCfg = Debug|Any CPU
		{22BAE272-DC73-4090-B482-5A87E3CF19F3}.Debug|Any CPU.Build.0 = Debug|Any CPU
		{22BAE272-DC73-4090-B482-5A87E3CF19F3}.Debug|x64.ActiveCfg = Debug|Any CPU
		{22BAE272-DC73-4090-B482-5A87E3CF19F3}.Debug|x64.Build.0 = Debug|Any CPU
		{22BAE272-DC73-4090-B482-5A87E3CF19F3}.Debug|x86.ActiveCfg = Debug|Any CPU
		{22BAE272-DC73-4090-B482-5A87E3CF19F3}.Debug|x86.Build.0 = Debug|Any CPU
		{22BAE272-DC73-4090-B482-5A87E3CF19F3}.Release|Any CPU.ActiveCfg = Release|Any CPU
		{22BAE272-DC73-4090-B482-5A87E3CF19F3}.Release|Any CPU.Build.0 = Release|Any CPU
		{22BAE272-DC73-4090-B482-5A87E3CF19F3}.Release|x64.ActiveCfg = Release|Any CPU
		{22BAE272-DC73-4090-B482-5A87E3CF19F3}.Release|x64.Build.0 = Release|Any CPU
		{22BAE272-DC73-4090-B482-5A87E3CF19F3}.Release|x86.ActiveCfg = Release|Any CPU
		{22BAE272-DC73-4090-B482-5A87E3CF19F3}.Release|x86.Build.0 = Release|Any CPU
		{0FCFE3C0-C9F8-4798-BAD1-627D5D6AC684}.Debug|Any CPU.ActiveCfg = Debug|Any CPU
		{0FCFE3C0-C9F8-4798-BAD1-627D5D6AC684}.Debug|Any CPU.Build.0 = Debug|Any CPU
		{0FCFE3C0-C9F8-4798-BAD1-627D5D6AC684}.Debug|x64.ActiveCfg = Debug|Any CPU
		{0FCFE3C0-C9F8-4798-BAD1-627D5D6AC684}.Debug|x64.Build.0 = Debug|Any CPU
		{0FCFE3C0-C9F8-4798-BAD1-627D5D6AC684}.Debug|x86.ActiveCfg = Debug|Any CPU
		{0FCFE3C0-C9F8-4798-BAD1-627D5D6AC684}.Debug|x86.Build.0 = Debug|Any CPU
		{0FCFE3C0-C9F8-4798-BAD1-627D5D6AC684}.Release|Any CPU.ActiveCfg = Release|Any CPU
		{0FCFE3C0-C9F8-4798-BAD1-627D5D6AC684}.Release|Any CPU.Build.0 = Release|Any CPU
		{0FCFE3C0-C9F8-4798-BAD1-627D5D6AC684}.Release|x64.ActiveCfg = Release|Any CPU
		{0FCFE3C0-C9F8-4798-BAD1-627D5D6AC684}.Release|x64.Build.0 = Release|Any CPU
		{0FCFE3C0-C9F8-4798-BAD1-627D5D6AC684}.Release|x86.ActiveCfg = Release|Any CPU
		{0FCFE3C0-C9F8-4798-BAD1-627D5D6AC684}.Release|x86.Build.0 = Release|Any CPU
		{F33A16AB-C696-43D7-8DC1-08CD123C5249}.Debug|Any CPU.ActiveCfg = Debug|Any CPU
		{F33A16AB-C696-43D7-8DC1-08CD123C5249}.Debug|Any CPU.Build.0 = Debug|Any CPU
		{F33A16AB-C696-43D7-8DC1-08CD123C5249}.Debug|x64.ActiveCfg = Debug|Any CPU
		{F33A16AB-C696-43D7-8DC1-08CD123C5249}.Debug|x64.Build.0 = Debug|Any CPU
		{F33A16AB-C696-43D7-8DC1-08CD123C5249}.Debug|x86.ActiveCfg = Debug|Any CPU
		{F33A16AB-C696-43D7-8DC1-08CD123C5249}.Debug|x86.Build.0 = Debug|Any CPU
		{F33A16AB-C696-43D7-8DC1-08CD123C5249}.Release|Any CPU.ActiveCfg = Release|Any CPU
		{F33A16AB-C696-43D7-8DC1-08CD123C5249}.Release|Any CPU.Build.0 = Release|Any CPU
		{F33A16AB-C696-43D7-8DC1-08CD123C5249}.Release|x64.ActiveCfg = Release|Any CPU
		{F33A16AB-C696-43D7-8DC1-08CD123C5249}.Release|x64.Build.0 = Release|Any CPU
		{F33A16AB-C696-43D7-8DC1-08CD123C5249}.Release|x86.ActiveCfg = Release|Any CPU
		{F33A16AB-C696-43D7-8DC1-08CD123C5249}.Release|x86.Build.0 = Release|Any CPU
		{B1BA3A96-C1C5-45DB-82F8-BE7B9FC594F5}.Debug|Any CPU.ActiveCfg = Debug|Any CPU
		{B1BA3A96-C1C5-45DB-82F8-BE7B9FC594F5}.Debug|Any CPU.Build.0 = Debug|Any CPU
		{B1BA3A96-C1C5-45DB-82F8-BE7B9FC594F5}.Debug|x64.ActiveCfg = Debug|Any CPU
		{B1BA3A96-C1C5-45DB-82F8-BE7B9FC594F5}.Debug|x64.Build.0 = Debug|Any CPU
		{B1BA3A96-C1C5-45DB-82F8-BE7B9FC594F5}.Debug|x86.ActiveCfg = Debug|Any CPU
		{B1BA3A96-C1C5-45DB-82F8-BE7B9FC594F5}.Debug|x86.Build.0 = Debug|Any CPU
		{B1BA3A96-C1C5-45DB-82F8-BE7B9FC594F5}.Release|Any CPU.ActiveCfg = Release|Any CPU
		{B1BA3A96-C1C5-45DB-82F8-BE7B9FC594F5}.Release|Any CPU.Build.0 = Release|Any CPU
		{B1BA3A96-C1C5-45DB-82F8-BE7B9FC594F5}.Release|x64.ActiveCfg = Release|Any CPU
		{B1BA3A96-C1C5-45DB-82F8-BE7B9FC594F5}.Release|x64.Build.0 = Release|Any CPU
		{B1BA3A96-C1C5-45DB-82F8-BE7B9FC594F5}.Release|x86.ActiveCfg = Release|Any CPU
		{B1BA3A96-C1C5-45DB-82F8-BE7B9FC594F5}.Release|x86.Build.0 = Release|Any CPU
		{9868F880-4266-4A7B-89B1-7FA71FAF0C15}.Debug|Any CPU.ActiveCfg = Debug|Any CPU
		{9868F880-4266-4A7B-89B1-7FA71FAF0C15}.Debug|Any CPU.Build.0 = Debug|Any CPU
		{9868F880-4266-4A7B-89B1-7FA71FAF0C15}.Debug|x64.ActiveCfg = Debug|Any CPU
		{9868F880-4266-4A7B-89B1-7FA71FAF0C15}.Debug|x64.Build.0 = Debug|Any CPU
		{9868F880-4266-4A7B-89B1-7FA71FAF0C15}.Debug|x86.ActiveCfg = Debug|Any CPU
		{9868F880-4266-4A7B-89B1-7FA71FAF0C15}.Debug|x86.Build.0 = Debug|Any CPU
		{9868F880-4266-4A7B-89B1-7FA71FAF0C15}.Release|Any CPU.ActiveCfg = Release|Any CPU
		{9868F880-4266-4A7B-89B1-7FA71FAF0C15}.Release|Any CPU.Build.0 = Release|Any CPU
		{9868F880-4266-4A7B-89B1-7FA71FAF0C15}.Release|x64.ActiveCfg = Release|Any CPU
		{9868F880-4266-4A7B-89B1-7FA71FAF0C15}.Release|x64.Build.0 = Release|Any CPU
		{9868F880-4266-4A7B-89B1-7FA71FAF0C15}.Release|x86.ActiveCfg = Release|Any CPU
		{9868F880-4266-4A7B-89B1-7FA71FAF0C15}.Release|x86.Build.0 = Release|Any CPU
	EndGlobalSection
	GlobalSection(SolutionProperties) = preSolution
		HideSolutionNode = FALSE
	EndGlobalSection
	GlobalSection(NestedProjects) = preSolution
		{81034408-37C8-1011-444E-4C15C2FADA8E} = {827E0CD3-B72D-47B6-A68D-7590B98EB39B}
		{E7A0CBCD-DA7C-4FDA-875D-C3B482E8F214} = {81034408-37C8-1011-444E-4C15C2FADA8E}
		{8D626EA8-CB54-BC41-363A-217881BEBA6E} = {827E0CD3-B72D-47B6-A68D-7590B98EB39B}
		{9A7FEC29-A17A-479D-B7CD-C51AE1765871} = {8D626EA8-CB54-BC41-363A-217881BEBA6E}
		{9048EB7F-3875-A59E-E36B-5BD4C6F2A282} = {827E0CD3-B72D-47B6-A68D-7590B98EB39B}
		{22BAE272-DC73-4090-B482-5A87E3CF19F3} = {9048EB7F-3875-A59E-E36B-5BD4C6F2A282}
		{03997797-E7F5-0643-168D-B8EA7178C2FE} = {827E0CD3-B72D-47B6-A68D-7590B98EB39B}
		{0FCFE3C0-C9F8-4798-BAD1-627D5D6AC684} = {03997797-E7F5-0643-168D-B8EA7178C2FE}
		{394A81D9-3C45-9818-BB26-23F2B85056FF} = {0AB3BF05-4346-4AA6-1389-037BE0695223}
		{F33A16AB-C696-43D7-8DC1-08CD123C5249} = {394A81D9-3C45-9818-BB26-23F2B85056FF}
		{30785934-E017-5D9F-2777-3D61460A5281} = {0AB3BF05-4346-4AA6-1389-037BE0695223}
		{B1BA3A96-C1C5-45DB-82F8-BE7B9FC594F5} = {30785934-E017-5D9F-2777-3D61460A5281}
		{27CB0DCE-AADB-D461-6654-759F4807726D} = {0AB3BF05-4346-4AA6-1389-037BE0695223}
		{9868F880-4266-4A7B-89B1-7FA71FAF0C15} = {27CB0DCE-AADB-D461-6654-759F4807726D}
	EndGlobalSection
EndGlobal
